github.com/Azure/azure-sdk-for-go/sdk/azcore v1.2.0 h1:sVW/AFBTGyJxDaMYlq0ct3jUXTtj12tQ6zE2GZUgVQw=
github.com/Azure/azure-sdk-for-go/sdk/azcore v1.2.0/go.mod h1:uGG2W01BaETf0Ozp+QxxKJdMBNRWPdstHG0Fmdwn1/U=
github.com/Azure/azure-sdk-for-go/sdk/internal v1.1.1 h1:Oj853U9kG+RLTCQXpjvOnrv0WaZHxgmZz1TlLywgOPY=
github.com/Azure/azure-sdk-for-go/sdk/internal v1.1.1/go.mod h1:eWRD7oawr1Mu1sLCawqVc0CUiF43ia3qQMxLscsKQ9w=
github.com/Azure/azure-sdk-for-go/sdk/messaging/azservicebus v1.1.3 h1:27HVgIcvrKkRs5eJzHnyZdt71/EyB3clkiJQB0qyIa8=
github.com/Azure/azure-sdk-for-go/sdk/messaging/azservicebus v1.1.3/go.mod h1:Eo6WMP/iw9sp06+v8y030eReUwX6sULn5i3fxCDWPag=
github.com/BurntSushi/toml v1.2.1 h1:9F2/+DoOYIOksmaJFPw1tGFy1eDnIJXg+UHjuD8lTak=
github.com/BurntSushi/toml v1.2.1/go.mod h1:CxXYINrC8qIiEnFrOxCa7Jy5BFHlXnUU2pbicEuybxQ=
github.com/davecgh/go-spew v1.1.1 h1:vj9j/u1bqnvCEfJOwUhtlOARqs3+rkHYY13jYWTU97c=
github.com/davecgh/go-spew v1.1.1/go.mod h1:J7Y8YcW2NihsgmVo/mv3lAwl/skON4iLHjSsI+c5H38=
golang.org/x/net v0.2.0 h1:sZfSu1wtKLGlWI4ZZayP0ck9Y73K1ynO6gqzTdBVdPU=
golang.org/x/net v0.2.0/go.mod h1:KqCZLdyyvdV855qA2rE3GC2aiw5xGR5TEjj8smXukLY=
golang.org/x/text v0.4.0 h1:BrVqGRd7+k1DiOgtnFvAkoQEWQvBc25ouMJM6429SFg=
golang.org/x/text v0.4.0/go.mod h1:mrYo+phRRbMaCq/xk9113O4dZlRixOauAjOtrjsXDZ8=
